
Microsoft Visual Studio Solution File, Format Version 12.00
# Visual Studio Version 16
VisualStudioVersion = 16.0.32106.194
MinimumVisualStudioVersion = 10.0.40219.1
Project("{FAE04EC0-301F-11D3-BF4B-00C04F79EFBC}") = "Restaurant", "Restaurant\Restaurant.csproj", "{33D69394-7285-41CE-B640-C9BA62A0CDAD}"
EndProject
Global
	GlobalSection(SolutionConfigurationPlatforms) = preSolution
		Debug|Any CPU = Debug|Any CPU
		Release|Any CPU = Release|Any CPU
	EndGlobalSection
	GlobalSection(ProjectConfigurationPlatforms) = postSolution
		{33D69394-7285-41CE-B640-C9BA62A0CDAD}.Debug|Any CPU.ActiveCfg = Debug|Any CPU
		{33D69394-7285-41CE-B640-C9BA62A0CDAD}.Debug|Any CPU.Build.0 = Debug|Any CPU
		{33D69394-7285-41CE-B640-C9BA62A0CDAD}.Release|Any CPU.ActiveCfg = Release|Any CPU
		{33D69394-7285-41CE-B640-C9BA62A0CDAD}.Release|Any CPU.Build.0 = Release|Any CPU
	EndGlobalSection
	GlobalSection(SolutionProperties) = preSolution
		HideSolutionNode = FALSE
	EndGlobalSection
	GlobalSection(ExtensibilityGlobals) = postSolution
		SolutionGuid = {28F226CA-FA91-4A8B-83A6-52A55DBA6BD6}
	EndGlobalSection
EndGlobal
